{
  "originHash" : "3447dac17b05f0fd42afb9cd9b52cae50f030b9847cce91bb83222ba5dacbe43",
  "pins" : [
    {
      "identity" : "combinecorebluetooth",
      "kind" : "remoteSourceControl",
      "location" : "https://github.com/StarryInternet/CombineCoreBluetooth.git",
      "state" : {
        "revision" : "72b672e3adfdb0af357bfcebd4ef185429076405",
        "version" : "0.8.0"
      }
    },
    {
      "identity" : "swift-http-types",
      "kind" : "remoteSourceControl",
      "location" : "https://github.com/apple/swift-http-types.git",
      "state" : {
        "revision" : "9bee2fdb79cc740081abd8ebd80738063d632286",
        "version" : "1.1.0"
      }
    }
  ],
  "version" : 3
}
